{
	"name": "@devexperts/rx-utils",
	"version": "0.11.0",
	"lockfileVersion": 1,
	"requires": true,
	"dependencies": {
		"@devexperts/remote-data-ts": {
			"version": "0.2.0",
			"resolved": "https://registry.npmjs.org/@devexperts/remote-data-ts/-/remote-data-ts-0.2.0.tgz",
			"integrity": "sha512-CbVJaI0tDuLVnZzgug3RmQGfnn7Cwv71FVJp1MoE6ldSJ+8mSscXdL+81mwPdNMivJ905fX3otEXJyia4xsbXQ==",
			"dev": true
		},
		"@sinonjs/formatio": {
			"version": "2.0.0",
			"resolved": "https://registry.npmjs.org/@sinonjs/formatio/-/formatio-2.0.0.tgz",
			"integrity": "sha512-ls6CAMA6/5gG+O/IdsBcblvnd8qcO/l1TYoNeAzp3wcISOxlPXQEus0mLcdwazEkWjaBdaJ3TaxmNgCLWwvWzg==",
			"dev": true,
			"requires": {
				"samsam": "1.3.0"
			}
		},
		"@types/jest": {
			"version": "21.1.10",
			"resolved": "https://registry.npmjs.org/@types/jest/-/jest-21.1.10.tgz",
			"integrity": "sha512-qDyqzbcyNgW2RgWbl606xCYQ+5fK9khOW5+Hl3wH7RggVES0dB6GcZvpmPs/XIty5qpu1xYCwpiK+iRkJ3xFBw==",
			"dev": true
		},
		"@types/query-string": {
			"version": "5.1.0",
			"resolved": "https://registry.npmjs.org/@types/query-string/-/query-string-5.1.0.tgz",
			"integrity": "sha512-9/sJK+T04pNq7uwReR0CLxqXj1dhxiTapZ1tIxA0trEsT6FRS0bz09YMcMb7tsVBTm4RJ0NEBYGsAjoEmqoFXg=="
		},
		"@types/sinon": {
			"version": "5.0.1",
			"resolved": "https://registry.npmjs.org/@types/sinon/-/sinon-5.0.1.tgz",
			"integrity": "sha512-yxzBCIjE3lp9lYjfBbIK/LRCoXgCLLbIIBIje7eNCcUIIR2CZZtyX5uto2hVoMSMqLrsRrT6mwwUEd0yFgOwpA==",
			"dev": true
		},
		"decode-uri-component": {
			"version": "0.2.0",
			"resolved": "https://registry.npmjs.org/decode-uri-component/-/decode-uri-component-0.2.0.tgz",
			"integrity": "sha1-6zkTMzRYd1y4TNGh+uBiEGu4dUU="
		},
		"diff": {
			"version": "3.5.0",
			"resolved": "https://registry.npmjs.org/diff/-/diff-3.5.0.tgz",
			"integrity": "sha512-A46qtFgd+g7pDZinpnwiRJtxbC1hpgf0uzP3iG89scHk0AUC7A1TGxf5OiiOUv/JMZR8GOt8hL900hV0bOy5xA==",
			"dev": true
		},
		"fp-ts": {
			"version": "1.6.2",
			"resolved": "https://registry.npmjs.org/fp-ts/-/fp-ts-1.6.2.tgz",
			"integrity": "sha512-tPEeBrPFOlxkL5k5fXripWp5gKfKsjaQCZg3eT+siGlkiulUhHrt+L2NuduteHKndDgcD6dJWJB6N6jmyxbeMg==",
			"dev": true
		},
		"has-flag": {
			"version": "3.0.0",
			"resolved": "https://registry.npmjs.org/has-flag/-/has-flag-3.0.0.tgz",
			"integrity": "sha1-tdRU3CGZriJWmfNGfloH87lVuv0=",
			"dev": true
		},
		"isarray": {
			"version": "0.0.1",
			"resolved": "https://registry.npmjs.org/isarray/-/isarray-0.0.1.tgz",
			"integrity": "sha1-ihis/Kmo9Bd+Cav8YDiTmwXR7t8=",
			"dev": true
		},
		"just-extend": {
			"version": "1.1.27",
			"resolved": "https://registry.npmjs.org/just-extend/-/just-extend-1.1.27.tgz",
			"integrity": "sha512-mJVp13Ix6gFo3SBAy9U/kL+oeZqzlYYYLQBwXVBlVzIsZwBqGREnOro24oC/8s8aox+rJhtZ2DiQof++IrkA+g==",
			"dev": true
		},
		"lodash.get": {
			"version": "4.4.2",
			"resolved": "https://registry.npmjs.org/lodash.get/-/lodash.get-4.4.2.tgz",
			"integrity": "sha1-LRd/ZS+jHpObRDjVNBSZ36OCXpk=",
			"dev": true
		},
		"lolex": {
			"version": "2.7.0",
			"resolved": "https://registry.npmjs.org/lolex/-/lolex-2.7.0.tgz",
			"integrity": "sha512-uJkH2e0BVfU5KOJUevbTOtpDduooSarH5PopO+LfM/vZf8Z9sJzODqKev804JYM2i++ktJfUmC1le4LwFQ1VMg==",
			"dev": true
		},
		"nise": {
			"version": "1.4.1",
			"resolved": "https://registry.npmjs.org/nise/-/nise-1.4.1.tgz",
			"integrity": "sha512-9JX3YwoIt3kS237scmSSOpEv7vCukVzLfwK0I0XhocDSHUANid8ZHnLEULbbSkfeMn98B2y5kphIWzZUylESRQ==",
			"dev": true,
			"requires": {
				"@sinonjs/formatio": "2.0.0",
				"just-extend": "1.1.27",
				"lolex": "2.7.0",
				"path-to-regexp": "1.7.0",
				"text-encoding": "0.6.4"
			}
		},
		"path-to-regexp": {
			"version": "1.7.0",
			"resolved": "https://registry.npmjs.org/path-to-regexp/-/path-to-regexp-1.7.0.tgz",
			"integrity": "sha1-Wf3g9DW62suhA6hOnTvGTpa5k30=",
			"dev": true,
			"requires": {
				"isarray": "0.0.1"
			}
		},
		"query-string": {
			"version": "6.1.0",
			"resolved": "https://registry.npmjs.org/query-string/-/query-string-6.1.0.tgz",
			"integrity": "sha512-pNB/Gr8SA8ff8KpUFM36o/WFAlthgaThka5bV19AD9PNTH20Pwq5Zxodif2YyHwrctp6SkL4GqlOot0qR/wGaw==",
			"requires": {
				"decode-uri-component": "0.2.0",
				"strict-uri-encode": "2.0.0"
			}
		},
		"querystring": {
			"version": "0.2.0",
			"resolved": "https://registry.npmjs.org/querystring/-/querystring-0.2.0.tgz",
			"integrity": "sha1-sgmEkgO7Jd+CDadW50cAWHhSFiA="
		},
		"rxjs": {
			"version": "5.5.11",
			"resolved": "https://registry.npmjs.org/rxjs/-/rxjs-5.5.11.tgz",
			"integrity": "sha512-3bjO7UwWfA2CV7lmwYMBzj4fQ6Cq+ftHc2MvUe+WMS7wcdJ1LosDWmdjPQanYp2dBRj572p7PeU81JUxHKOcBA==",
			"dev": true,
			"requires": {
				"symbol-observable": "1.0.1"
			}
		},
		"samsam": {
			"version": "1.3.0",
			"resolved": "https://registry.npmjs.org/samsam/-/samsam-1.3.0.tgz",
			"integrity": "sha512-1HwIYD/8UlOtFS3QO3w7ey+SdSDFE4HRNLZoZRYVQefrOY3l17epswImeB1ijgJFQJodIaHcwkp3r/myBjFVbg==",
			"dev": true
		},
		"sinon": {
			"version": "5.1.0",
			"resolved": "https://registry.npmjs.org/sinon/-/sinon-5.1.0.tgz",
			"integrity": "sha512-mKJCMMwRKAPEbM48tgT7rea9+Dos5xugEpVXGwMDCSRtPxF6ZjIBO+WrbixxJ0xcYJ6ZMS3/veTAI7XTW010yA==",
			"dev": true,
			"requires": {
				"@sinonjs/formatio": "2.0.0",
				"diff": "3.5.0",
				"lodash.get": "4.4.2",
				"lolex": "2.7.0",
				"nise": "1.4.1",
				"supports-color": "5.4.0",
				"type-detect": "4.0.8"
			}
		},
		"strict-uri-encode": {
			"version": "2.0.0",
			"resolved": "https://registry.npmjs.org/strict-uri-encode/-/strict-uri-encode-2.0.0.tgz",
			"integrity": "sha1-ucczDHBChi9rFC3CdLvMWGbONUY="
		},
		"supports-color": {
			"version": "5.4.0",
			"resolved": "https://registry.npmjs.org/supports-color/-/supports-color-5.4.0.tgz",
			"integrity": "sha512-zjaXglF5nnWpsq470jSv6P9DwPvgLkuapYmfDm3JWOm0vkNTVF2tI4UrN2r6jH1qM/uc/WtxYY1hYoA2dOKj5w==",
			"dev": true,
			"requires": {
				"has-flag": "3.0.0"
			}
		},
		"symbol-observable": {
			"version": "1.0.1",
			"resolved": "https://registry.npmjs.org/symbol-observable/-/symbol-observable-1.0.1.tgz",
			"integrity": "sha1-g0D8RwLDEi310iKI+IKD9RPT/dQ=",
			"dev": true
		},
		"text-encoding": {
			"version": "0.6.4",
			"resolved": "https://registry.npmjs.org/text-encoding/-/text-encoding-0.6.4.tgz",
			"integrity": "sha1-45mpgiV6J22uQou5KEXLcb3CbRk=",
			"dev": true
		},
		"tslib": {
			"version": "1.9.2",
			"resolved": "https://registry.npmjs.org/tslib/-/tslib-1.9.2.tgz",
			"integrity": "sha512-AVP5Xol3WivEr7hnssHDsaM+lVrVXWUvd1cfXTRkTj80b//6g2wIFEH6hZG0muGZRnHGrfttpdzRk3YlBkWjKw=="
		},
		"type-detect": {
			"version": "4.0.8",
			"resolved": "https://registry.npmjs.org/type-detect/-/type-detect-4.0.8.tgz",
			"integrity": "sha512-0fr/mIH1dlO+x7TlcMy+bIDqKPsw/70tVyeHW787goQjhmqaZe10uwLujubK9q9Lg6Fiho1KUKDYz0Z7k7g5/g==",
			"dev": true
		}
	}
}
