{
	"requires": true,
	"lockfileVersion": 1,
	"dependencies": {
		"tslib": {
			"version": "1.8.1",
			"resolved": "https://registry.npmjs.org/tslib/-/tslib-1.8.1.tgz",
			"integrity": "sha1-aUavLR1lGnsYY7Ux1uWvpBqkTqw="
		},
		"typelevel-ts": {
			"version": "0.2.3",
			"resolved": "https://registry.npmjs.org/typelevel-ts/-/typelevel-ts-0.2.3.tgz",
			"integrity": "sha512-BvXTWP4VNXj41shvKONy2iRDLnGy5ZmSEfkHZIJ3Zc7W94pkXbcfD6OJrqbBpxdrviJtNtylEiOBAmrY0Z6C2g=="
		}
	}
}
